
Microsoft Visual Studio Solution File, Format Version 12.00
# Visual Studio Version 16
VisualStudioVersion = 25.0.1706.7
MinimumVisualStudioVersion = 10.0.40219.1
Project("{FAE04EC0-301F-11D3-BF4B-00C04F79EFBC}") = "screen_sound_2", "screen_sound_2\screen_sound_2.csproj", "{F2F9A7BF-408D-4679-BA73-17B274E4DD51}"
EndProject
Global
	GlobalSection(SolutionConfigurationPlatforms) = preSolution
		Debug|Any CPU = Debug|Any CPU
		Release|Any CPU = Release|Any CPU
	EndGlobalSection
	GlobalSection(ProjectConfigurationPlatforms) = postSolution
		{F2F9A7BF-408D-4679-BA73-17B274E4DD51}.Debug|Any CPU.ActiveCfg = Debug|Any CPU
		{F2F9A7BF-408D-4679-BA73-17B274E4DD51}.Debug|Any CPU.Build.0 = Debug|Any CPU
		{F2F9A7BF-408D-4679-BA73-17B274E4DD51}.Release|Any CPU.ActiveCfg = Release|Any CPU
		{F2F9A7BF-408D-4679-BA73-17B274E4DD51}.Release|Any CPU.Build.0 = Release|Any CPU
	EndGlobalSection
	GlobalSection(SolutionProperties) = preSolution
		HideSolutionNode = FALSE
	EndGlobalSection
	GlobalSection(ExtensibilityGlobals) = postSolution
		SolutionGuid = {F317CD27-8589-491D-B1DB-58C47CC709ED}
	EndGlobalSection
EndGlobal
